PODS:
  - IceCream (1.5.0):
    - RealmSwift
  - Realm (3.7.4):
    - Realm/Headers (= 3.7.4)
  - Realm/Headers (3.7.4)
  - RealmSwift (3.7.4):
    - Realm (= 3.7.4)
  - TextFieldEffects (1.4.0)

DEPENDENCIES:
  - IceCream (~> 1.5.0)
  - TextFieldEffects

SPEC CHECKSUMS:
  IceCream: 8c2d37f5de8341e5016b30f54ddd4489b8e707a8
  Realm: a469bb59e33f9926102ccaea4349822c53b9117e
  RealmSwift: a45861b21c180f5cf0f122144b9759fa8dde3e9e
  TextFieldEffects: 4ee41b5216e674d55fb6ac25107bf1af7629176f

PODFILE CHECKSUM: 7e68648425a06c3c5d29997175f24e716f00e98e

COCOAPODS: 1.2.1.beta.1
