// !$*UTF8*$!
{
	archiveVersion = 1;
	classes = {
	};
	objectVersion = 48;
	objects = {

/* Begin PBXBuildFile section */
		1C3FD3952FB60E6948468E20 /* libPods-WiFFServer.a in Frameworks */ = {isa = PBXBuildFile; fileRef = 1C210C67D253D869F8664A08 /* libPods-WiFFServer.a */; };
		24064547203123550010E5F5 /* AppDelegate.m in Sources */ = {isa = PBXBuildFile; fileRef = 24064546203123550010E5F5 /* AppDelegate.m */; };
		2406454A203123550010E5F5 /* ViewController.m in Sources */ = {isa = PBXBuildFile; fileRef = 24064549203123550010E5F5 /* ViewController.m */; };
		2406454D203123550010E5F5 /* Main.storyboard in Resources */ = {isa = PBXBuildFile; fileRef = 2406454B203123550010E5F5 /* Main.storyboard */; };
		24064550203123550010E5F5 /* WiFFServer.xcdatamodeld in Sources */ = {isa = PBXBuildFile; fileRef = 2406454E203123550010E5F5 /* WiFFServer.xcdatamodeld */; };
		24064552203123550010E5F5 /* Assets.xcassets in Resources */ = {isa = PBXBuildFile; fileRef = 24064551203123550010E5F5 /* Assets.xcassets */; };
		24064555203123550010E5F5 /* LaunchScreen.storyboard in Resources */ = {isa = PBXBuildFile; fileRef = 24064553203123550010E5F5 /* LaunchScreen.storyboard */; };
		24064558203123550010E5F5 /* main.m in Sources */ = {isa = PBXBuildFile; fileRef = 24064557203123550010E5F5 /* main.m */; };
		2406455F20312EC90010E5F5 /* upload.html in Resources */ = {isa = PBXBuildFile; fileRef = 2406455E20312EC90010E5F5 /* upload.html */; };
		240645672031405B0010E5F5 /* UIImage+QRCode.m in Sources */ = {isa = PBXBuildFile; fileRef = 240645642031405B0010E5F5 /* UIImage+QRCode.m */; };
		240645682031405B0010E5F5 /* ZHKQRCodeViewController.m in Sources */ = {isa = PBXBuildFile; fileRef = 240645662031405B0010E5F5 /* ZHKQRCodeViewController.m */; };
		24779D572058FEDC00ACCD5D /* FileListViewController.m in Sources */ = {isa = PBXBuildFile; fileRef = 24779D562058FEDC00ACCD5D /* FileListViewController.m */; };
/* End PBXBuildFile section */

/* Begin PBXFileReference section */
		1C210C67D253D869F8664A08 /* libPods-WiFFServer.a */ = {isa = PBXFileReference; explicitFileType = archive.ar; includeInIndex = 0; path = "libPods-WiFFServer.a"; sourceTree = BUILT_PRODUCTS_DIR; };
		24064542203123550010E5F5 /* WiFFServer.app */ = {isa = PBXFileReference; explicitFileType = wrapper.application; includeInIndex = 0; path = WiFFServer.app; sourceTree = BUILT_PRODUCTS_DIR; };
		24064545203123550010E5F5 /* AppDelegate.h */ = {isa = PBXFileReference; lastKnownFileType = sourcecode.c.h; path = AppDelegate.h; sourceTree = "<group>"; };
		24064546203123550010E5F5 /* AppDelegate.m */ = {isa = PBXFileReference; lastKnownFileType = sourcecode.c.objc; path = AppDelegate.m; sourceTree = "<group>"; };
		24064548203123550010E5F5 /* ViewController.h */ = {isa = PBXFileReference; lastKnownFileType = sourcecode.c.h; path = ViewController.h; sourceTree = "<group>"; };
		24064549203123550010E5F5 /* ViewController.m */ = {isa = PBXFileReference; lastKnownFileType = sourcecode.c.objc; path = ViewController.m; sourceTree = "<group>"; };
		2406454C203123550010E5F5 /* Base */ = {isa = PBXFileReference; lastKnownFileType = file.storyboard; name = Base; path = Base.lproj/Main.storyboard; sourceTree = "<group>"; };
		2406454F203123550010E5F5 /* WiFFServer.xcdatamodel */ = {isa = PBXFileReference; lastKnownFileType = wrapper.xcdatamodel; path = WiFFServer.xcdatamodel; sourceTree = "<group>"; };
		24064551203123550010E5F5 /* Assets.xcassets */ = {isa = PBXFileReference; lastKnownFileType = folder.assetcatalog; path = Assets.xcassets; sourceTree = "<group>"; };
		24064554203123550010E5F5 /* Base */ = {isa = PBXFileReference; lastKnownFileType = file.storyboard; name = Base; path = Base.lproj/LaunchScreen.storyboard; sourceTree = "<group>"; };
		24064556203123550010E5F5 /* Info.plist */ = {isa = PBXFileReference; lastKnownFileType = text.plist.xml; path = Info.plist; sourceTree = "<group>"; };
		24064557203123550010E5F5 /* main.m */ = {isa = PBXFileReference; lastKnownFileType = sourcecode.c.objc; path = main.m; sourceTree = "<group>"; };
		2406455E20312EC90010E5F5 /* upload.html */ = {isa = PBXFileReference; lastKnownFileType = text.html; path = upload.html; sourceTree = "<group>"; };
		240645632031405B0010E5F5 /* UIImage+QRCode.h */ = {isa = PBXFileReference; fileEncoding = 4; lastKnownFileType = sourcecode.c.h; path = "UIImage+QRCode.h"; sourceTree = "<group>"; };
		240645642031405B0010E5F5 /* UIImage+QRCode.m */ = {isa = PBXFileReference; fileEncoding = 4; lastKnownFileType = sourcecode.c.objc; path = "UIImage+QRCode.m"; sourceTree = "<group>"; };
		240645652031405B0010E5F5 /* ZHKQRCodeViewController.h */ = {isa = PBXFileReference; fileEncoding = 4; lastKnownFileType = sourcecode.c.h; path = ZHKQRCodeViewController.h; sourceTree = "<group>"; };
		240645662031405B0010E5F5 /* ZHKQRCodeViewController.m */ = {isa = PBXFileReference; fileEncoding = 4; lastKnownFileType = sourcecode.c.objc; path = ZHKQRCodeViewController.m; sourceTree = "<group>"; };
		24779D552058FEDC00ACCD5D /* FileListViewController.h */ = {isa = PBXFileReference; lastKnownFileType = sourcecode.c.h; path = FileListViewController.h; sourceTree = "<group>"; };
		24779D562058FEDC00ACCD5D /* FileListViewController.m */ = {isa = PBXFileReference; lastKnownFileType = sourcecode.c.objc; path = FileListViewController.m; sourceTree = "<group>"; };
		7B4CF21E56A51ACF6DFAA15C /* Pods-WiFFServer.release.xcconfig */ = {isa = PBXFileReference; includeInIndex = 1; lastKnownFileType = text.xcconfig; name = "Pods-WiFFServer.release.xcconfig"; path = "Pods/Target Support Files/Pods-WiFFServer/Pods-WiFFServer.release.xcconfig"; sourceTree = "<group>"; };
		B76982FF0F947B3DC6F21867 /* Pods-WiFFServer.debug.xcconfig */ = {isa = PBXFileReference; includeInIndex = 1; lastKnownFileType = text.xcconfig; name = "Pods-WiFFServer.debug.xcconfig"; path = "Pods/Target Support Files/Pods-WiFFServer/Pods-WiFFServer.debug.xcconfig"; sourceTree = "<group>"; };
/* End PBXFileReference section */

/* Begin PBXFrameworksBuildPhase section */
		2406453F203123550010E5F5 /* Frameworks */ = {
			isa = PBXFrameworksBuildPhase;
			buildActionMask = 2147483647;
			files = (
				1C3FD3952FB60E6948468E20 /* libPods-WiFFServer.a in Frameworks */,
			);
			runOnlyForDeploymentPostprocessing = 0;
		};
/* End PBXFrameworksBuildPhase section */

/* Begin PBXGroup section */
		24064539203123550010E5F5 = {
			isa = PBXGroup;
			children = (
				24064544203123550010E5F5 /* WiFFServer */,
				24064543203123550010E5F5 /* Products */,
				50D6F130F1FC892EAF840BFE /* Pods */,
				C0660EEA0E9C769F3D219672 /* Frameworks */,
			);
			sourceTree = "<group>";
		};
		24064543203123550010E5F5 /* Products */ = {
			isa = PBXGroup;
			children = (
				24064542203123550010E5F5 /* WiFFServer.app */,
			);
			name = Products;
			sourceTree = "<group>";
		};
		24064544203123550010E5F5 /* WiFFServer */ = {
			isa = PBXGroup;
			children = (
				24064545203123550010E5F5 /* AppDelegate.h */,
				24064546203123550010E5F5 /* AppDelegate.m */,
				24064548203123550010E5F5 /* ViewController.h */,
				24064549203123550010E5F5 /* ViewController.m */,
				24779D552058FEDC00ACCD5D /* FileListViewController.h */,
				24779D562058FEDC00ACCD5D /* FileListViewController.m */,
				240645622031405B0010E5F5 /* ZHKQRCode */,
				2406455E20312EC90010E5F5 /* upload.html */,
				2406454B203123550010E5F5 /* Main.storyboard */,
				24064551203123550010E5F5 /* Assets.xcassets */,
				24064553203123550010E5F5 /* LaunchScreen.storyboard */,
				24064556203123550010E5F5 /* Info.plist */,
				24064557203123550010E5F5 /* main.m */,
				2406454E203123550010E5F5 /* WiFFServer.xcdatamodeld */,
			);
			path = WiFFServer;
			sourceTree = "<group>";
		};
		240645622031405B0010E5F5 /* ZHKQRCode */ = {
			isa = PBXGroup;
			children = (
				240645632031405B0010E5F5 /* UIImage+QRCode.h */,
				240645642031405B0010E5F5 /* UIImage+QRCode.m */,
				240645652031405B0010E5F5 /* ZHKQRCodeViewController.h */,
				240645662031405B0010E5F5 /* ZHKQRCodeViewController.m */,
			);
			path = ZHKQRCode;
			sourceTree = "<group>";
		};
		50D6F130F1FC892EAF840BFE /* Pods */ = {
			isa = PBXGroup;
			children = (
				B76982FF0F947B3DC6F21867 /* Pods-WiFFServer.debug.xcconfig */,
				7B4CF21E56A51ACF6DFAA15C /* Pods-WiFFServer.release.xcconfig */,
			);
			name = Pods;
			sourceTree = "<group>";
		};
		C0660EEA0E9C769F3D219672 /* Frameworks */ = {
			isa = PBXGroup;
			children = (
				1C210C67D253D869F8664A08 /* libPods-WiFFServer.a */,
			);
			name = Frameworks;
			sourceTree = "<group>";
		};
/* End PBXGroup section */

/* Begin PBXNativeTarget section */
		24064541203123550010E5F5 /* WiFFServer */ = {
			isa = PBXNativeTarget;
			buildConfigurationList = 2406455B203123550010E5F5 /* Build configuration list for PBXNativeTarget "WiFFServer" */;
			buildPhases = (
				28732CAB46524E8ACB2C2D35 /* [CP] Check Pods Manifest.lock */,
				2406453E203123550010E5F5 /* Sources */,
				2406453F203123550010E5F5 /* Frameworks */,
				24064540203123550010E5F5 /* Resources */,
				78F80F84BFC844E2E8FA8FBB /* [CP] Embed Pods Frameworks */,
				F3D9F397813F6A2650EDFA69 /* [CP] Copy Pods Resources */,
			);
			buildRules = (
			);
			dependencies = (
			);
			name = WiFFServer;
			productName = WiFFServer;
			productReference = 24064542203123550010E5F5 /* WiFFServer.app */;
			productType = "com.apple.product-type.application";
		};
/* End PBXNativeTarget section */

/* Begin PBXProject section */
		2406453A203123550010E5F5 /* Project object */ = {
			isa = PBXProject;
			attributes = {
				LastUpgradeCheck = 0910;
				ORGANIZATIONNAME = ZHK;
				TargetAttributes = {
					24064541203123550010E5F5 = {
						CreatedOnToolsVersion = 9.1;
						ProvisioningStyle = Automatic;
					};
				};
			};
			buildConfigurationList = 2406453D203123550010E5F5 /* Build configuration list for PBXProject "WiFFServer" */;
			compatibilityVersion = "Xcode 8.0";
			developmentRegion = en;
			hasScannedForEncodings = 0;
			knownRegions = (
				en,
				Base,
			);
			mainGroup = 24064539203123550010E5F5;
			productRefGroup = 24064543203123550010E5F5 /* Products */;
			projectDirPath = "";
			projectRoot = "";
			targets = (
				24064541203123550010E5F5 /* WiFFServer */,
			);
		};
/* End PBXProject section */

/* Begin PBXResourcesBuildPhase section */
		24064540203123550010E5F5 /* Resources */ = {
			isa = PBXResourcesBuildPhase;
			buildActionMask = 2147483647;
			files = (
				24064555203123550010E5F5 /* LaunchScreen.storyboard in Resources */,
				24064552203123550010E5F5 /* Assets.xcassets in Resources */,
				2406454D203123550010E5F5 /* Main.storyboard in Resources */,
				2406455F20312EC90010E5F5 /* upload.html in Resources */,
			);
			runOnlyForDeploymentPostprocessing = 0;
		};
/* End PBXResourcesBuildPhase section */

/* Begin PBXShellScriptBuildPhase section */
		28732CAB46524E8ACB2C2D35 /* [CP] Check Pods Manifest.lock */ = {
			isa = PBXShellScriptBuildPhase;
			buildActionMask = 2147483647;
			files = (
			);
			inputPaths = (
			);
			name = "[CP] Check Pods Manifest.lock";
			outputPaths = (
			);
			runOnlyForDeploymentPostprocessing = 0;
			shellPath = /bin/sh;
			shellScript = "diff \"${PODS_PODFILE_DIR_PATH}/Podfile.lock\" \"${PODS_ROOT}/Manifest.lock\" > /dev/null\nif [ $? != 0 ] ; then\n    # print error to STDERR\n    echo \"error: The sandbox is not in sync with the Podfile.lock. Run 'pod install' or update your CocoaPods installation.\" >&2\n    exit 1\nfi\n";
			showEnvVarsInLog = 0;
		};
		78F80F84BFC844E2E8FA8FBB /* [CP] Embed Pods Frameworks */ = {
			isa = PBXShellScriptBuildPhase;
			buildActionMask = 2147483647;
			files = (
			);
			inputPaths = (
			);
			name = "[CP] Embed Pods Frameworks";
			outputPaths = (
			);
			runOnlyForDeploymentPostprocessing = 0;
			shellPath = /bin/sh;
			shellScript = "\"${SRCROOT}/Pods/Target Support Files/Pods-WiFFServer/Pods-WiFFServer-frameworks.sh\"\n";
			showEnvVarsInLog = 0;
		};
		F3D9F397813F6A2650EDFA69 /* [CP] Copy Pods Resources */ = {
			isa = PBXShellScriptBuildPhase;
			buildActionMask = 2147483647;
			files = (
			);
			inputPaths = (
			);
			name = "[CP] Copy Pods Resources";
			outputPaths = (
			);
			runOnlyForDeploymentPostprocessing = 0;
			shellPath = /bin/sh;
			shellScript = "\"${SRCROOT}/Pods/Target Support Files/Pods-WiFFServer/Pods-WiFFServer-resources.sh\"\n";
			showEnvVarsInLog = 0;
		};
/* End PBXShellScriptBuildPhase section */

/* Begin PBXSourcesBuildPhase section */
		2406453E203123550010E5F5 /* Sources */ = {
			isa = PBXSourcesBuildPhase;
			buildActionMask = 2147483647;
			files = (
				24779D572058FEDC00ACCD5D /* FileListViewController.m in Sources */,
				2406454A203123550010E5F5 /* ViewController.m in Sources */,
				24064550203123550010E5F5 /* WiFFServer.xcdatamodeld in Sources */,
				240645672031405B0010E5F5 /* UIImage+QRCode.m in Sources */,
				24064558203123550010E5F5 /* main.m in Sources */,
				240645682031405B0010E5F5 /* ZHKQRCodeViewController.m in Sources */,
				24064547203123550010E5F5 /* AppDelegate.m in Sources */,
			);
			runOnlyForDeploymentPostprocessing = 0;
		};
/* End PBXSourcesBuildPhase section */

/* Begin PBXVariantGroup section */
		2406454B203123550010E5F5 /* Main.storyboard */ = {
			isa = PBXVariantGroup;
			children = (
				2406454C203123550010E5F5 /* Base */,
			);
			name = Main.storyboard;
			sourceTree = "<group>";
		};
		24064553203123550010E5F5 /* LaunchScreen.storyboard */ = {
			isa = PBXVariantGroup;
			children = (
				24064554203123550010E5F5 /* Base */,
			);
			name = LaunchScreen.storyboard;
			sourceTree = "<group>";
		};
/* End PBXVariantGroup section */

/* Begin XCBuildConfiguration section */
		24064559203123550010E5F5 /* Debug */ = {
			isa = XCBuildConfiguration;
			buildSettings = {
				ALWAYS_SEARCH_USER_PATHS = NO;
				CLANG_ANALYZER_NONNULL = YES;
				CLANG_ANALYZER_NUMBER_OBJECT_CONVERSION = YES_AGGRESSIVE;
				CLANG_CXX_LANGUAGE_STANDARD = "gnu++14";
				CLANG_CXX_LIBRARY = "libc++";
				CLANG_ENABLE_MODULES = YES;
				CLANG_ENABLE_OBJC_ARC = YES;
				CLANG_WARN_BLOCK_CAPTURE_AUTORELEASING = YES;
				CLANG_WARN_BOOL_CONVERSION = YES;
				CLANG_WARN_COMMA = YES;
				CLANG_WARN_CONSTANT_CONVERSION = YES;
				CLANG_WARN_DIRECT_OBJC_ISA_USAGE = YES_ERROR;
				CLANG_WARN_DOCUMENTATION_COMMENTS = YES;
				CLANG_WARN_EMPTY_BODY = YES;
				CLANG_WARN_ENUM_CONVERSION = YES;
				CLANG_WARN_INFINITE_RECURSION = YES;
				CLANG_WARN_INT_CONVERSION = YES;
				CLANG_WARN_NON_LITERAL_NULL_CONVERSION = YES;
				CLANG_WARN_OBJC_LITERAL_CONVERSION = YES;
				CLANG_WARN_OBJC_ROOT_CLASS = YES_ERROR;
				CLANG_WARN_RANGE_LOOP_ANALYSIS = YES;
				CLANG_WARN_STRICT_PROTOTYPES = YES;
				CLANG_WARN_SUSPICIOUS_MOVE = YES;
				CLANG_WARN_UNGUARDED_AVAILABILITY = YES_AGGRESSIVE;
				CLANG_WARN_UNREACHABLE_CODE = YES;
				CLANG_WARN__DUPLICATE_METHOD_MATCH = YES;
				CODE_SIGN_IDENTITY = "iPhone Developer";
				COPY_PHASE_STRIP = NO;
				DEBUG_INFORMATION_FORMAT = dwarf;
				ENABLE_STRICT_OBJC_MSGSEND = YES;
				ENABLE_TESTABILITY = YES;
				GCC_C_LANGUAGE_STANDARD = gnu11;
				GCC_DYNAMIC_NO_PIC = NO;
				GCC_NO_COMMON_BLOCKS = YES;
				GCC_OPTIMIZATION_LEVEL = 0;
				GCC_PREPROCESSOR_DEFINITIONS = (
					"DEBUG=1",
					"$(inherited)",
				);
				GCC_WARN_64_TO_32_BIT_CONVERSION = YES;
				GCC_WARN_ABOUT_RETURN_TYPE = YES_ERROR;
				GCC_WARN_UNDECLARED_SELECTOR = YES;
				GCC_WARN_UNINITIALIZED_AUTOS = YES_AGGRESSIVE;
				GCC_WARN_UNUSED_FUNCTION = YES;
				GCC_WARN_UNUSED_VARIABLE = YES;
				IPHONEOS_DEPLOYMENT_TARGET = 11.1;
				MTL_ENABLE_DEBUG_INFO = YES;
				ONLY_ACTIVE_ARCH = YES;
				SDKROOT = iphoneos;
			};
			name = Debug;
		};
		2406455A203123550010E5F5 /* Release */ = {
			isa = XCBuildConfiguration;
			buildSettings = {
				ALWAYS_SEARCH_USER_PATHS = NO;
				CLANG_ANALYZER_NONNULL = YES;
				CLANG_ANALYZER_NUMBER_OBJECT_CONVERSION = YES_AGGRESSIVE;
				CLANG_CXX_LANGUAGE_STANDARD = "gnu++14";
				CLANG_CXX_LIBRARY = "libc++";
				CLANG_ENABLE_MODULES = YES;
				CLANG_ENABLE_OBJC_ARC = YES;
				CLANG_WARN_BLOCK_CAPTURE_AUTORELEASING = YES;
				CLANG_WARN_BOOL_CONVERSION = YES;
				CLANG_WARN_COMMA = YES;
				CLANG_WARN_CONSTANT_CONVERSION = YES;
				CLANG_WARN_DIRECT_OBJC_ISA_USAGE = YES_ERROR;
				CLANG_WARN_DOCUMENTATION_COMMENTS = YES;
				CLANG_WARN_EMPTY_BODY = YES;
				CLANG_WARN_ENUM_CONVERSION = YES;
				CLANG_WARN_INFINITE_RECURSION = YES;
				CLANG_WARN_INT_CONVERSION = YES;
				CLANG_WARN_NON_LITERAL_NULL_CONVERSION = YES;
				CLANG_WARN_OBJC_LITERAL_CONVERSION = YES;
				CLANG_WARN_OBJC_ROOT_CLASS = YES_ERROR;
				CLANG_WARN_RANGE_LOOP_ANALYSIS = YES;
				CLANG_WARN_STRICT_PROTOTYPES = YES;
				CLANG_WARN_SUSPICIOUS_MOVE = YES;
				CLANG_WARN_UNGUARDED_AVAILABILITY = YES_AGGRESSIVE;
				CLANG_WARN_UNREACHABLE_CODE = YES;
				CLANG_WARN__DUPLICATE_METHOD_MATCH = YES;
				CODE_SIGN_IDENTITY = "iPhone Developer";
				COPY_PHASE_STRIP = NO;
				DEBUG_INFORMATION_FORMAT = "dwarf-with-dsym";
				ENABLE_NS_ASSERTIONS = NO;
				ENABLE_STRICT_OBJC_MSGSEND = YES;
				GCC_C_LANGUAGE_STANDARD = gnu11;
				GCC_NO_COMMON_BLOCKS = YES;
				GCC_WARN_64_TO_32_BIT_CONVERSION = YES;
				GCC_WARN_ABOUT_RETURN_TYPE = YES_ERROR;
				GCC_WARN_UNDECLARED_SELECTOR = YES;
				GCC_WARN_UNINITIALIZED_AUTOS = YES_AGGRESSIVE;
				GCC_WARN_UNUSED_FUNCTION = YES;
				GCC_WARN_UNUSED_VARIABLE = YES;
				IPHONEOS_DEPLOYMENT_TARGET = 11.1;
				MTL_ENABLE_DEBUG_INFO = NO;
				SDKROOT = iphoneos;
				VALIDATE_PRODUCT = YES;
			};
			name = Release;
		};
		2406455C203123550010E5F5 /* Debug */ = {
			isa = XCBuildConfiguration;
			baseConfigurationReference = B76982FF0F947B3DC6F21867 /* Pods-WiFFServer.debug.xcconfig */;
			buildSettings = {
				ASSETCATALOG_COMPILER_APPICON_NAME = AppIcon;
				CODE_SIGN_STYLE = Automatic;
				DEVELOPMENT_TEAM = 9K5P26QDPB;
				INFOPLIST_FILE = WiFFServer/Info.plist;
				IPHONEOS_DEPLOYMENT_TARGET = 10.0;
				LD_RUNPATH_SEARCH_PATHS = "$(inherited) @executable_path/Frameworks";
				PRODUCT_BUNDLE_IDENTIFIER = ZHK.WiFFServer;
				PRODUCT_NAME = "$(TARGET_NAME)";
				TARGETED_DEVICE_FAMILY = "1,2";
			};
			name = Debug;
		};
		2406455D203123550010E5F5 /* Release */ = {
			isa = XCBuildConfiguration;
			baseConfigurationReference = 7B4CF21E56A51ACF6DFAA15C /* Pods-WiFFServer.release.xcconfig */;
			buildSettings = {
				ASSETCATALOG_COMPILER_APPICON_NAME = AppIcon;
				CODE_SIGN_STYLE = Automatic;
				DEVELOPMENT_TEAM = 9K5P26QDPB;
				INFOPLIST_FILE = WiFFServer/Info.plist;
				IPHONEOS_DEPLOYMENT_TARGET = 10.0;
				LD_RUNPATH_SEARCH_PATHS = "$(inherited) @executable_path/Frameworks";
				PRODUCT_BUNDLE_IDENTIFIER = ZHK.WiFFServer;
				PRODUCT_NAME = "$(TARGET_NAME)";
				TARGETED_DEVICE_FAMILY = "1,2";
			};
			name = Release;
		};
/* End XCBuildConfiguration section */

/* Begin XCConfigurationList section */
		2406453D203123550010E5F5 /* Build configuration list for PBXProject "WiFFServer" */ = {
			isa = XCConfigurationList;
			buildConfigurations = (
				24064559203123550010E5F5 /* Debug */,
				2406455A203123550010E5F5 /* Release */,
			);
			defaultConfigurationIsVisible = 0;
			defaultConfigurationName = Release;
		};
		2406455B203123550010E5F5 /* Build configuration list for PBXNativeTarget "WiFFServer" */ = {
			isa = XCConfigurationList;
			buildConfigurations = (
				2406455C203123550010E5F5 /* Debug */,
				2406455D203123550010E5F5 /* Release */,
			);
			defaultConfigurationIsVisible = 0;
			defaultConfigurationName = Release;
		};
/* End XCConfigurationList section */

/* Begin XCVersionGroup section */
		2406454E203123550010E5F5 /* WiFFServer.xcdatamodeld */ = {
			isa = XCVersionGroup;
			children = (
				2406454F203123550010E5F5 /* WiFFServer.xcdatamodel */,
			);
			currentVersion = 2406454F203123550010E5F5 /* WiFFServer.xcdatamodel */;
			path = WiFFServer.xcdatamodeld;
			sourceTree = "<group>";
			versionGroupType = wrapper.xcdatamodel;
		};
/* End XCVersionGroup section */
	};
	rootObject = 2406453A203123550010E5F5 /* Project object */;
}
